{
  "name": "oj-store",
  "version": "1.0.7",
  "lockfileVersion": 1,
  "requires": true,
  "dependencies": {
    "ansi-styles": {
      "version": "3.2.1",
      "resolved": "https://registry.npmjs.org/ansi-styles/-/ansi-styles-3.2.1.tgz",
      "integrity": "sha512-VT0ZI6kZRdTh8YyJw3SMbYm/u+NqfsAxEpWO0Pf9sq8/e94WxxOpPKx9FR1FlyCtOVDNOQ+8ntlqFxiRc+r5qA==",
      "requires": {
        "color-convert": "^1.9.0"
      }
    },
    "chalk": {
      "version": "2.4.2",
      "resolved": "https://registry.npmjs.org/chalk/-/chalk-2.4.2.tgz",
      "integrity": "sha512-Mti+f9lpJNcwF4tWV8/OrTTtF1gZi+f8FqlyAdouralcFWFQWF2+NgCHShjkCb+IFBLq9buZwE1xckQU4peSuQ==",
      "requires": {
        "ansi-styles": "^3.2.1",
        "escape-string-regexp": "^1.0.5",
        "supports-color": "^5.3.0"
      }
    },
    "color-convert": {
      "version": "1.9.3",
      "resolved": "https://registry.npmjs.org/color-convert/-/color-convert-1.9.3.tgz",
      "integrity": "sha512-QfAUtd+vFdAtFQcC8CCyYt1fYWxSqAiK2cSD6zDB8N3cpsEBAvRxp9zOGg6G/SHHJYAT88/az/IuDGALsNVbGg==",
      "requires": {
        "color-name": "1.1.3"
      }
    },
    "color-name": {
      "version": "1.1.3",
      "resolved": "https://registry.npmjs.org/color-name/-/color-name-1.1.3.tgz",
      "integrity": "sha1-p9BVi9icQveV3UIyj3QIMcpTvCU="
    },
    "diff-match-patch": {
      "version": "1.0.4",
      "resolved": "https://registry.npmjs.org/diff-match-patch/-/diff-match-patch-1.0.4.tgz",
      "integrity": "sha512-Uv3SW8bmH9nAtHKaKSanOQmj2DnlH65fUpcrMdfdaOxUG02QQ4YGZ8AE7kKOMisF7UqvOlGKVYWRvezdncW9lg=="
    },
    "escape-string-regexp": {
      "version": "1.0.5",
      "resolved": "https://registry.npmjs.org/escape-string-regexp/-/escape-string-regexp-1.0.5.tgz",
      "integrity": "sha1-G2HAViGQqN/2rjuyzwIAyhMLhtQ="
    },
    "has-flag": {
      "version": "3.0.0",
      "resolved": "https://registry.npmjs.org/has-flag/-/has-flag-3.0.0.tgz",
      "integrity": "sha1-tdRU3CGZriJWmfNGfloH87lVuv0="
    },
    "immer": {
      "version": "6.0.1",
      "resolved": "http://web01.oj.local:3000/immer/-/immer-6.0.1.tgz",
      "integrity": "sha512-oXwigCKgznQywsXi1VgrqgWbQEU3wievNCVc4Fcwky6mwXU6YHj6JuYp0WEM/B1EphkqsLr0x18lm5OiuemPcA=="
    },
    "jsondiffpatch": {
      "version": "0.4.1",
      "resolved": "https://registry.npmjs.org/jsondiffpatch/-/jsondiffpatch-0.4.1.tgz",
      "integrity": "sha512-t0etAxTUk1w5MYdNOkZBZ8rvYYN5iL+2dHCCx/DpkFm/bW28M6y5nUS83D4XdZiHy35Fpaw6LBb+F88fHZnVCw==",
      "requires": {
        "chalk": "^2.3.0",
        "diff-match-patch": "^1.0.0"
      }
    },
    "oj-diff-patch": {
      "version": "1.0.2",
      "resolved": "https://registry.npmjs.org/oj-diff-patch/-/oj-diff-patch-1.0.2.tgz",
      "integrity": "sha512-mGt+3QHOKRM2fkCHRuLBPz4pDhpJpBnxArYjGLPgCUuS7PmPSIS1KEyjKNWFzPSxX9nBJxTN/3HjvXLx8qv2qg==",
      "requires": {
        "jsondiffpatch": "^0.4.1"
      }
    },
    "oj-eventaggregator": {
      "version": "1.0.2",
      "resolved": "https://registry.npmjs.org/oj-eventaggregator/-/oj-eventaggregator-1.0.2.tgz",
      "integrity": "sha512-QQIGFRR73HNgScoNEQ+U/OnqHMroOoCioi+A3W2bAKrG/xuYU3zHPdIqIi2KfkGrhQbLqzM8HcUceBpPDdS1UA=="
    },
    "repatch": {
      "version": "1.3.12",
      "resolved": "http://web01.oj.local:3000/repatch/-/repatch-1.3.12.tgz",
      "integrity": "sha512-18KuFWa/I0DHswspBNgkSceWKyJI7eEYPHRcRPZi+E72h0hev97AFN3TZ2ErpwUpVL0rXeWDoa5qRTK6vab43w=="
    },
    "supports-color": {
      "version": "5.5.0",
      "resolved": "https://registry.npmjs.org/supports-color/-/supports-color-5.5.0.tgz",
      "integrity": "sha512-QjVjwdXIt408MIiAqCX4oUKsgU2EqAGzs2Ppkm4aQYbjm+ZEWEcW4SfFNTr4uMNZma0ey4f5lgLrkB0aX0QMow==",
      "requires": {
        "has-flag": "^3.0.0"
      }
    }
  }
}
